// !$*UTF8*$!
{
	archiveVersion = 1;
	classes = {
	};
	objectVersion = 56;
	objects = {

/* Begin PBXBuildFile section */
		142945762AF09C53000DD23A /* main.cpp in Sources */ = {isa = PBXBuildFile; fileRef = 142945752AF09C53000DD23A /* main.cpp */; };
		143208572AE10596002C2891 /* main.cpp in Sources */ = {isa = PBXBuildFile; fileRef = 143208562AE10596002C2891 /* main.cpp */; };
		144907A72AE00A4C002C8A5E /* main.cpp in Sources */ = {isa = PBXBuildFile; fileRef = 144907A62AE00A4C002C8A5E /* main.cpp */; };
		1497A7932AE0BC56006B5BC2 /* main.cpp in Sources */ = {isa = PBXBuildFile; fileRef = 1497A7922AE0BC56006B5BC2 /* main.cpp */; };
		14C099CF2ADFFA1E00ACF33B /* main.cpp in Sources */ = {isa = PBXBuildFile; fileRef = 14C099CE2ADFFA1E00ACF33B /* main.cpp */; };
		14C099DA2AE0025E00ACF33B /* main.cpp in Sources */ = {isa = PBXBuildFile; fileRef = 14C099D92AE0025E00ACF33B /* main.cpp */; };
		14C099E52AE006A800ACF33B /* main.cpp in Sources */ = {isa = PBXBuildFile; fileRef = 14C099E42AE006A800ACF33B /* main.cpp */; };
		14C1DC982AD6769800229A29 /* main.cpp in Sources */ = {isa = PBXBuildFile; fileRef = 14C1DC972AD6769800229A29 /* main.cpp */; };
		14C490042AF2497D0025CDEF /* main.cpp in Sources */ = {isa = PBXBuildFile; fileRef = 14C490032AF2497D0025CDEF /* main.cpp */; };
		14C4900F2AF251750025CDEF /* main.cpp in Sources */ = {isa = PBXBuildFile; fileRef = 14C4900E2AF251750025CDEF /* main.cpp */; };
		14C4901A2AF25ACC0025CDEF /* main.cpp in Sources */ = {isa = PBXBuildFile; fileRef = 14C490192AF25ACC0025CDEF /* main.cpp */; };
		14C6DADB2AFA7B3F008C2E55 /* main.cpp in Sources */ = {isa = PBXBuildFile; fileRef = 14C6DADA2AFA7B3F008C2E55 /* main.cpp */; };
		14C6DAE62AFAA3DC008C2E55 /* main.cpp in Sources */ = {isa = PBXBuildFile; fileRef = 14C6DAE52AFAA3DC008C2E55 /* main.cpp */; };
		14C6DAF12AFB307D008C2E55 /* main.cpp in Sources */ = {isa = PBXBuildFile; fileRef = 14C6DAF02AFB307D008C2E55 /* main.cpp */; };
		14C6DAFC2AFB396F008C2E55 /* main.cpp in Sources */ = {isa = PBXBuildFile; fileRef = 14C6DAFB2AFB396F008C2E55 /* main.cpp */; };
		14DF53A02AEBBEDD0054FED3 /* main.cpp in Sources */ = {isa = PBXBuildFile; fileRef = 14DF539F2AEBBEDD0054FED3 /* main.cpp */; };
		14DF53AB2AF085EF0054FED3 /* main.cpp in Sources */ = {isa = PBXBuildFile; fileRef = 14DF53AA2AF085EF0054FED3 /* main.cpp */; };
		14E7354F2AF924DE00CB3FA4 /* main.cpp in Sources */ = {isa = PBXBuildFile; fileRef = 14E7354E2AF924DE00CB3FA4 /* main.cpp */; };
		14E7355A2AFA63B000CB3FA4 /* main.cpp in Sources */ = {isa = PBXBuildFile; fileRef = 14E735592AFA63B000CB3FA4 /* main.cpp */; };
/* End PBXBuildFile section */

/* Begin PBXCopyFilesBuildPhase section */
		142945712AF09C53000DD23A /* CopyFiles */ = {
			isa = PBXCopyFilesBuildPhase;
			buildActionMask = 2147483647;
			dstPath = /usr/share/man/man1/;
			dstSubfolderSpec = 0;
			files = (
			);
			runOnlyForDeploymentPostprocessing = 1;
		};
		143208522AE10596002C2891 /* CopyFiles */ = {
			isa = PBXCopyFilesBuildPhase;
			buildActionMask = 2147483647;
			dstPath = /usr/share/man/man1/;
			dstSubfolderSpec = 0;
			files = (
			);
			runOnlyForDeploymentPostprocessing = 1;
		};
		144907A22AE00A4C002C8A5E /* CopyFiles */ = {
			isa = PBXCopyFilesBuildPhase;
			buildActionMask = 2147483647;
			dstPath = /usr/share/man/man1/;
			dstSubfolderSpec = 0;
			files = (
			);
			runOnlyForDeploymentPostprocessing = 1;
		};
		1497A78E2AE0BC56006B5BC2 /* CopyFiles */ = {
			isa = PBXCopyFilesBuildPhase;
			buildActionMask = 2147483647;
			dstPath = /usr/share/man/man1/;
			dstSubfolderSpec = 0;
			files = (
			);
			runOnlyForDeploymentPostprocessing = 1;
		};
		14C099CA2ADFFA1E00ACF33B /* CopyFiles */ = {
			isa = PBXCopyFilesBuildPhase;
			buildActionMask = 2147483647;
			dstPath = /usr/share/man/man1/;
			dstSubfolderSpec = 0;
			files = (
			);
			runOnlyForDeploymentPostprocessing = 1;
		};
		14C099D52AE0025E00ACF33B /* CopyFiles */ = {
			isa = PBXCopyFilesBuildPhase;
			buildActionMask = 2147483647;
			dstPath = /usr/share/man/man1/;
			dstSubfolderSpec = 0;
			files = (
			);
			runOnlyForDeploymentPostprocessing = 1;
		};
		14C099E02AE006A800ACF33B /* CopyFiles */ = {
			isa = PBXCopyFilesBuildPhase;
			buildActionMask = 2147483647;
			dstPath = /usr/share/man/man1/;
			dstSubfolderSpec = 0;
			files = (
			);
			runOnlyForDeploymentPostprocessing = 1;
		};
		14C1DC922AD6769800229A29 /* CopyFiles */ = {
			isa = PBXCopyFilesBuildPhase;
			buildActionMask = 2147483647;
			dstPath = /usr/share/man/man1/;
			dstSubfolderSpec = 0;
			files = (
			);
			runOnlyForDeploymentPostprocessing = 1;
		};
		14C48FFF2AF2497D0025CDEF /* CopyFiles */ = {
			isa = PBXCopyFilesBuildPhase;
			buildActionMask = 2147483647;
			dstPath = /usr/share/man/man1/;
			dstSubfolderSpec = 0;
			files = (
			);
			runOnlyForDeploymentPostprocessing = 1;
		};
		14C4900A2AF251750025CDEF /* CopyFiles */ = {
			isa = PBXCopyFilesBuildPhase;
			buildActionMask = 2147483647;
			dstPath = /usr/share/man/man1/;
			dstSubfolderSpec = 0;
			files = (
			);
			runOnlyForDeploymentPostprocessing = 1;
		};
		14C490152AF25ACC0025CDEF /* CopyFiles */ = {
			isa = PBXCopyFilesBuildPhase;
			buildActionMask = 2147483647;
			dstPath = /usr/share/man/man1/;
			dstSubfolderSpec = 0;
			files = (
			);
			runOnlyForDeploymentPostprocessing = 1;
		};
		14C6DAD62AFA7B3F008C2E55 /* CopyFiles */ = {
			isa = PBXCopyFilesBuildPhase;
			buildActionMask = 2147483647;
			dstPath = /usr/share/man/man1/;
			dstSubfolderSpec = 0;
			files = (
			);
			runOnlyForDeploymentPostprocessing = 1;
		};
		14C6DAE12AFAA3DC008C2E55 /* CopyFiles */ = {
			isa = PBXCopyFilesBuildPhase;
			buildActionMask = 2147483647;
			dstPath = /usr/share/man/man1/;
			dstSubfolderSpec = 0;
			files = (
			);
			runOnlyForDeploymentPostprocessing = 1;
		};
		14C6DAEC2AFB307D008C2E55 /* CopyFiles */ = {
			isa = PBXCopyFilesBuildPhase;
			buildActionMask = 2147483647;
			dstPath = /usr/share/man/man1/;
			dstSubfolderSpec = 0;
			files = (
			);
			runOnlyForDeploymentPostprocessing = 1;
		};
		14C6DAF72AFB396F008C2E55 /* CopyFiles */ = {
			isa = PBXCopyFilesBuildPhase;
			buildActionMask = 2147483647;
			dstPath = /usr/share/man/man1/;
			dstSubfolderSpec = 0;
			files = (
			);
			runOnlyForDeploymentPostprocessing = 1;
		};
		14DF539B2AEBBEDC0054FED3 /* CopyFiles */ = {
			isa = PBXCopyFilesBuildPhase;
			buildActionMask = 2147483647;
			dstPath = /usr/share/man/man1/;
			dstSubfolderSpec = 0;
			files = (
			);
			runOnlyForDeploymentPostprocessing = 1;
		};
		14DF53A62AF085EF0054FED3 /* CopyFiles */ = {
			isa = PBXCopyFilesBuildPhase;
			buildActionMask = 2147483647;
			dstPath = /usr/share/man/man1/;
			dstSubfolderSpec = 0;
			files = (
			);
			runOnlyForDeploymentPostprocessing = 1;
		};
		14E7354A2AF924DE00CB3FA4 /* CopyFiles */ = {
			isa = PBXCopyFilesBuildPhase;
			buildActionMask = 2147483647;
			dstPath = /usr/share/man/man1/;
			dstSubfolderSpec = 0;
			files = (
			);
			runOnlyForDeploymentPostprocessing = 1;
		};
		14E735552AFA63B000CB3FA4 /* CopyFiles */ = {
			isa = PBXCopyFilesBuildPhase;
			buildActionMask = 2147483647;
			dstPath = /usr/share/man/man1/;
			dstSubfolderSpec = 0;
			files = (
			);
			runOnlyForDeploymentPostprocessing = 1;
		};
/* End PBXCopyFilesBuildPhase section */

/* Begin PBXFileReference section */
		142945732AF09C53000DD23A /* DS二叉树--后序遍历非递归算法 */ = {isa = PBXFileReference; explicitFileType = "compiled.mach-o.executable"; includeInIndex = 0; path = "DS二叉树--后序遍历非递归算法"; sourceTree = BUILT_PRODUCTS_DIR; };
		142945752AF09C53000DD23A /* main.cpp */ = {isa = PBXFileReference; lastKnownFileType = sourcecode.cpp.cpp; path = main.cpp; sourceTree = "<group>"; };
		143208542AE10596002C2891 /* DS二叉树_伪层序遍历构建二叉树 */ = {isa = PBXFileReference; explicitFileType = "compiled.mach-o.executable"; includeInIndex = 0; path = "DS二叉树_伪层序遍历构建二叉树"; sourceTree = BUILT_PRODUCTS_DIR; };
		143208562AE10596002C2891 /* main.cpp */ = {isa = PBXFileReference; lastKnownFileType = sourcecode.cpp.cpp; path = main.cpp; sourceTree = "<group>"; };
		144907A42AE00A4C002C8A5E /* DS二叉树——二叉树之父子结点 */ = {isa = PBXFileReference; explicitFileType = "compiled.mach-o.executable"; includeInIndex = 0; path = "DS二叉树——二叉树之父子结点"; sourceTree = BUILT_PRODUCTS_DIR; };
		144907A62AE00A4C002C8A5E /* main.cpp */ = {isa = PBXFileReference; lastKnownFileType = sourcecode.cpp.cpp; path = main.cpp; sourceTree = "<group>"; };
		1497A7902AE0BC56006B5BC2 /* DS二叉树——二叉树之数组存储 */ = {isa = PBXFileReference; explicitFileType = "compiled.mach-o.executable"; includeInIndex = 0; path = "DS二叉树——二叉树之数组存储"; sourceTree = BUILT_PRODUCTS_DIR; };
		1497A7922AE0BC56006B5BC2 /* main.cpp */ = {isa = PBXFileReference; lastKnownFileType = sourcecode.cpp.cpp; path = main.cpp; sourceTree = "<group>"; };
		14C099CC2ADFFA1E00ACF33B /* DS二叉树—二叉树构建与遍历 */ = {isa = PBXFileReference; explicitFileType = "compiled.mach-o.executable"; includeInIndex = 0; path = "DS二叉树—二叉树构建与遍历"; sourceTree = BUILT_PRODUCTS_DIR; };
		14C099CE2ADFFA1E00ACF33B /* main.cpp */ = {isa = PBXFileReference; lastKnownFileType = sourcecode.cpp.cpp; path = main.cpp; sourceTree = "<group>"; };
		14C099D72AE0025E00ACF33B /* DS二叉树--叶子数量 */ = {isa = PBXFileReference; explicitFileType = "compiled.mach-o.executable"; includeInIndex = 0; path = "DS二叉树--叶子数量"; sourceTree = BUILT_PRODUCTS_DIR; };
		14C099D92AE0025E00ACF33B /* main.cpp */ = {isa = PBXFileReference; lastKnownFileType = sourcecode.cpp.cpp; path = main.cpp; sourceTree = "<group>"; };
		14C099E22AE006A800ACF33B /* DS二叉树--左叶子数量 */ = {isa = PBXFileReference; explicitFileType = "compiled.mach-o.executable"; includeInIndex = 0; path = "DS二叉树--左叶子数量"; sourceTree = BUILT_PRODUCTS_DIR; };
		14C099E42AE006A800ACF33B /* main.cpp */ = {isa = PBXFileReference; lastKnownFileType = sourcecode.cpp.cpp; path = main.cpp; sourceTree = "<group>"; };
		14C1DC942AD6769800229A29 /* learn_data_structure */ = {isa = PBXFileReference; explicitFileType = "compiled.mach-o.executable"; includeInIndex = 0; path = learn_data_structure; sourceTree = BUILT_PRODUCTS_DIR; };
		14C1DC972AD6769800229A29 /* main.cpp */ = {isa = PBXFileReference; lastKnownFileType = sourcecode.cpp.cpp; path = main.cpp; sourceTree = "<group>"; };
		14C490012AF2497D0025CDEF /* DS二叉树—二叉树镜面反转 */ = {isa = PBXFileReference; explicitFileType = "compiled.mach-o.executable"; includeInIndex = 0; path = "DS二叉树—二叉树镜面反转"; sourceTree = BUILT_PRODUCTS_DIR; };
		14C490032AF2497D0025CDEF /* main.cpp */ = {isa = PBXFileReference; lastKnownFileType = sourcecode.cpp.cpp; path = main.cpp; sourceTree = "<group>"; };
		14C4900C2AF251750025CDEF /* 二叉树的中后序遍历构建及求叶子 */ = {isa = PBXFileReference; explicitFileType = "compiled.mach-o.executable"; includeInIndex = 0; path = "二叉树的中后序遍历构建及求叶子"; sourceTree = BUILT_PRODUCTS_DIR; };
		14C4900E2AF251750025CDEF /* main.cpp */ = {isa = PBXFileReference; lastKnownFileType = sourcecode.cpp.cpp; path = main.cpp; sourceTree = "<group>"; };
		14C490172AF25ACC0025CDEF /* DS二叉树—二叉树结点的最大距离 */ = {isa = PBXFileReference; explicitFileType = "compiled.mach-o.executable"; includeInIndex = 0; path = "DS二叉树—二叉树结点的最大距离"; sourceTree = BUILT_PRODUCTS_DIR; };
		14C490192AF25ACC0025CDEF /* main.cpp */ = {isa = PBXFileReference; lastKnownFileType = sourcecode.cpp.cpp; path = main.cpp; sourceTree = "<group>"; };
		14C6DAD82AFA7B3F008C2E55 /* DS二叉树_另一棵树的子树 */ = {isa = PBXFileReference; explicitFileType = "compiled.mach-o.executable"; includeInIndex = 0; path = "DS二叉树_另一棵树的子树"; sourceTree = BUILT_PRODUCTS_DIR; };
		14C6DADA2AFA7B3F008C2E55 /* main.cpp */ = {isa = PBXFileReference; lastKnownFileType = sourcecode.cpp.cpp; path = main.cpp; sourceTree = "<group>"; };
		14C6DAE32AFAA3DC008C2E55 /* DS二叉树_合并二叉树 */ = {isa = PBXFileReference; explicitFileType = "compiled.mach-o.executable"; includeInIndex = 0; path = "DS二叉树_合并二叉树"; sourceTree = BUILT_PRODUCTS_DIR; };
		14C6DAE52AFAA3DC008C2E55 /* main.cpp */ = {isa = PBXFileReference; lastKnownFileType = sourcecode.cpp.cpp; path = main.cpp; sourceTree = "<group>"; };
		14C6DAEE2AFB307D008C2E55 /* DS树--带权路径和 */ = {isa = PBXFileReference; explicitFileType = "compiled.mach-o.executable"; includeInIndex = 0; path = "DS树--带权路径和"; sourceTree = BUILT_PRODUCTS_DIR; };
		14C6DAF02AFB307D008C2E55 /* main.cpp */ = {isa = PBXFileReference; lastKnownFileType = sourcecode.cpp.cpp; path = main.cpp; sourceTree = "<group>"; };
		14C6DAF92AFB396F008C2E55 /* DS二叉树--赫夫曼树的构建与编码（含代码框架） */ = {isa = PBXFileReference; explicitFileType = "compiled.mach-o.executable"; includeInIndex = 0; path = "DS二叉树--赫夫曼树的构建与编码（含代码框架）"; sourceTree = BUILT_PRODUCTS_DIR; };
		14C6DAFB2AFB396F008C2E55 /* main.cpp */ = {isa = PBXFileReference; lastKnownFileType = sourcecode.cpp.cpp; path = main.cpp; sourceTree = "<group>"; };
		14DF539D2AEBBEDC0054FED3 /* DS树--二叉树高度 */ = {isa = PBXFileReference; explicitFileType = "compiled.mach-o.executable"; includeInIndex = 0; path = "DS树--二叉树高度"; sourceTree = BUILT_PRODUCTS_DIR; };
		14DF539F2AEBBEDD0054FED3 /* main.cpp */ = {isa = PBXFileReference; lastKnownFileType = sourcecode.cpp.cpp; path = main.cpp; sourceTree = "<group>"; };
		14DF53A82AF085EF0054FED3 /* B : DS二叉树--层次遍历 */ = {isa = PBXFileReference; explicitFileType = "compiled.mach-o.executable"; includeInIndex = 0; path = "B : DS二叉树--层次遍历"; sourceTree = BUILT_PRODUCTS_DIR; };
		14DF53AA2AF085EF0054FED3 /* main.cpp */ = {isa = PBXFileReference; lastKnownFileType = sourcecode.cpp.cpp; path = main.cpp; sourceTree = "<group>"; };
		14E7354C2AF924DE00CB3FA4 /* DS二叉树_对称二叉树 */ = {isa = PBXFileReference; explicitFileType = "compiled.mach-o.executable"; includeInIndex = 0; path = "DS二叉树_对称二叉树"; sourceTree = BUILT_PRODUCTS_DIR; };
		14E7354E2AF924DE00CB3FA4 /* main.cpp */ = {isa = PBXFileReference; lastKnownFileType = sourcecode.cpp.cpp; path = main.cpp; sourceTree = "<group>"; };
		14E735572AFA63B000CB3FA4 /* DS二叉树_输出所有目标路径 */ = {isa = PBXFileReference; explicitFileType = "compiled.mach-o.executable"; includeInIndex = 0; path = "DS二叉树_输出所有目标路径"; sourceTree = BUILT_PRODUCTS_DIR; };
		14E735592AFA63B000CB3FA4 /* main.cpp */ = {isa = PBXFileReference; lastKnownFileType = sourcecode.cpp.cpp; path = main.cpp; sourceTree = "<group>"; };
/* End PBXFileReference section */

/* Begin PBXFrameworksBuildPhase section */
		142945702AF09C53000DD23A /* Frameworks */ = {
			isa = PBXFrameworksBuildPhase;
			buildActionMask = 2147483647;
			files = (
			);
			runOnlyForDeploymentPostprocessing = 0;
		};
		143208512AE10596002C2891 /* Frameworks */ = {
			isa = PBXFrameworksBuildPhase;
			buildActionMask = 2147483647;
			files = (
			);
			runOnlyForDeploymentPostprocessing = 0;
		};
		144907A12AE00A4C002C8A5E /* Frameworks */ = {
			isa = PBXFrameworksBuildPhase;
			buildActionMask = 2147483647;
			files = (
			);
			runOnlyForDeploymentPostprocessing = 0;
		};
		1497A78D2AE0BC56006B5BC2 /* Frameworks */ = {
			isa = PBXFrameworksBuildPhase;
			buildActionMask = 2147483647;
			files = (
			);
			runOnlyForDeploymentPostprocessing = 0;
		};
		14C099C92ADFFA1E00ACF33B /* Frameworks */ = {
			isa = PBXFrameworksBuildPhase;
			buildActionMask = 2147483647;
			files = (
			);
			runOnlyForDeploymentPostprocessing = 0;
		};
		14C099D42AE0025E00ACF33B /* Frameworks */ = {
			isa = PBXFrameworksBuildPhase;
			buildActionMask = 2147483647;
			files = (
			);
			runOnlyForDeploymentPostprocessing = 0;
		};
		14C099DF2AE006A800ACF33B /* Frameworks */ = {
			isa = PBXFrameworksBuildPhase;
			buildActionMask = 2147483647;
			files = (
			);
			runOnlyForDeploymentPostprocessing = 0;
		};
		14C1DC912AD6769800229A29 /* Frameworks */ = {
			isa = PBXFrameworksBuildPhase;
			buildActionMask = 2147483647;
			files = (
			);
			runOnlyForDeploymentPostprocessing = 0;
		};
		14C48FFE2AF2497D0025CDEF /* Frameworks */ = {
			isa = PBXFrameworksBuildPhase;
			buildActionMask = 2147483647;
			files = (
			);
			runOnlyForDeploymentPostprocessing = 0;
		};
		14C490092AF251750025CDEF /* Frameworks */ = {
			isa = PBXFrameworksBuildPhase;
			buildActionMask = 2147483647;
			files = (
			);
			runOnlyForDeploymentPostprocessing = 0;
		};
		14C490142AF25ACC0025CDEF /* Frameworks */ = {
			isa = PBXFrameworksBuildPhase;
			buildActionMask = 2147483647;
			files = (
			);
			runOnlyForDeploymentPostprocessing = 0;
		};
		14C6DAD52AFA7B3F008C2E55 /* Frameworks */ = {
			isa = PBXFrameworksBuildPhase;
			buildActionMask = 2147483647;
			files = (
			);
			runOnlyForDeploymentPostprocessing = 0;
		};
		14C6DAE02AFAA3DC008C2E55 /* Frameworks */ = {
			isa = PBXFrameworksBuildPhase;
			buildActionMask = 2147483647;
			files = (
			);
			runOnlyForDeploymentPostprocessing = 0;
		};
		14C6DAEB2AFB307D008C2E55 /* Frameworks */ = {
			isa = PBXFrameworksBuildPhase;
			buildActionMask = 2147483647;
			files = (
			);
			runOnlyForDeploymentPostprocessing = 0;
		};
		14C6DAF62AFB396F008C2E55 /* Frameworks */ = {
			isa = PBXFrameworksBuildPhase;
			buildActionMask = 2147483647;
			files = (
			);
			runOnlyForDeploymentPostprocessing = 0;
		};
		14DF539A2AEBBEDC0054FED3 /* Frameworks */ = {
			isa = PBXFrameworksBuildPhase;
			buildActionMask = 2147483647;
			files = (
			);
			runOnlyForDeploymentPostprocessing = 0;
		};
		14DF53A52AF085EF0054FED3 /* Frameworks */ = {
			isa = PBXFrameworksBuildPhase;
			buildActionMask = 2147483647;
			files = (
			);
			runOnlyForDeploymentPostprocessing = 0;
		};
		14E735492AF924DE00CB3FA4 /* Frameworks */ = {
			isa = PBXFrameworksBuildPhase;
			buildActionMask = 2147483647;
			files = (
			);
			runOnlyForDeploymentPostprocessing = 0;
		};
		14E735542AFA63B000CB3FA4 /* Frameworks */ = {
			isa = PBXFrameworksBuildPhase;
			buildActionMask = 2147483647;
			files = (
			);
			runOnlyForDeploymentPostprocessing = 0;
		};
/* End PBXFrameworksBuildPhase section */

/* Begin PBXGroup section */
		142945742AF09C53000DD23A /* DS二叉树--后序遍历非递归算法 */ = {
			isa = PBXGroup;
			children = (
				142945752AF09C53000DD23A /* main.cpp */,
			);
			path = "DS二叉树--后序遍历非递归算法";
			sourceTree = "<group>";
		};
		143208552AE10596002C2891 /* DS二叉树_伪层序遍历构建二叉树 */ = {
			isa = PBXGroup;
			children = (
				143208562AE10596002C2891 /* main.cpp */,
			);
			path = "DS二叉树_伪层序遍历构建二叉树";
			sourceTree = "<group>";
		};
		144907A52AE00A4C002C8A5E /* DS二叉树——二叉树之父子结点 */ = {
			isa = PBXGroup;
			children = (
				144907A62AE00A4C002C8A5E /* main.cpp */,
			);
			path = "DS二叉树——二叉树之父子结点";
			sourceTree = "<group>";
		};
		1497A7912AE0BC56006B5BC2 /* DS二叉树——二叉树之数组存储 */ = {
			isa = PBXGroup;
			children = (
				1497A7922AE0BC56006B5BC2 /* main.cpp */,
			);
			path = "DS二叉树——二叉树之数组存储";
			sourceTree = "<group>";
		};
		14C099CD2ADFFA1E00ACF33B /* DS二叉树—二叉树构建与遍历 */ = {
			isa = PBXGroup;
			children = (
				14C099CE2ADFFA1E00ACF33B /* main.cpp */,
			);
			path = "DS二叉树—二叉树构建与遍历";
			sourceTree = "<group>";
		};
		14C099D82AE0025E00ACF33B /* DS二叉树--叶子数量 */ = {
			isa = PBXGroup;
			children = (
				14C099D92AE0025E00ACF33B /* main.cpp */,
			);
			path = "DS二叉树--叶子数量";
			sourceTree = "<group>";
		};
		14C099E32AE006A800ACF33B /* DS二叉树--左叶子数量 */ = {
			isa = PBXGroup;
			children = (
				14C099E42AE006A800ACF33B /* main.cpp */,
			);
			path = "DS二叉树--左叶子数量";
			sourceTree = "<group>";
		};
		14C1DC8B2AD6769800229A29 = {
			isa = PBXGroup;
			children = (
				14C1DC962AD6769800229A29 /* learn_data_structure */,
				14C099CD2ADFFA1E00ACF33B /* DS二叉树—二叉树构建与遍历 */,
				14C099D82AE0025E00ACF33B /* DS二叉树--叶子数量 */,
				14C099E32AE006A800ACF33B /* DS二叉树--左叶子数量 */,
				144907A52AE00A4C002C8A5E /* DS二叉树——二叉树之父子结点 */,
				1497A7912AE0BC56006B5BC2 /* DS二叉树——二叉树之数组存储 */,
				143208552AE10596002C2891 /* DS二叉树_伪层序遍历构建二叉树 */,
				14DF539E2AEBBEDD0054FED3 /* DS树--二叉树高度 */,
				14DF53A92AF085EF0054FED3 /* B : DS二叉树--层次遍历 */,
				142945742AF09C53000DD23A /* DS二叉树--后序遍历非递归算法 */,
				14C490022AF2497D0025CDEF /* DS二叉树—二叉树镜面反转 */,
				14C4900D2AF251750025CDEF /* 二叉树的中后序遍历构建及求叶子 */,
				14C490182AF25ACC0025CDEF /* DS二叉树—二叉树结点的最大距离 */,
				14E7354D2AF924DE00CB3FA4 /* DS二叉树_对称二叉树 */,
				14E735582AFA63B000CB3FA4 /* DS二叉树_输出所有目标路径 */,
				14C6DAD92AFA7B3F008C2E55 /* DS二叉树_另一棵树的子树 */,
				14C6DAE42AFAA3DC008C2E55 /* DS二叉树_合并二叉树 */,
				14C6DAEF2AFB307D008C2E55 /* DS树--带权路径和 */,
				14C6DAFA2AFB396F008C2E55 /* DS二叉树--赫夫曼树的构建与编码（含代码框架） */,
				14C1DC952AD6769800229A29 /* Products */,
			);
			sourceTree = "<group>";
		};
		14C1DC952AD6769800229A29 /* Products */ = {
			isa = PBXGroup;
			children = (
				14C1DC942AD6769800229A29 /* learn_data_structure */,
				14C099CC2ADFFA1E00ACF33B /* DS二叉树—二叉树构建与遍历 */,
				14C099D72AE0025E00ACF33B /* DS二叉树--叶子数量 */,
				14C099E22AE006A800ACF33B /* DS二叉树--左叶子数量 */,
				144907A42AE00A4C002C8A5E /* DS二叉树——二叉树之父子结点 */,
				1497A7902AE0BC56006B5BC2 /* DS二叉树——二叉树之数组存储 */,
				143208542AE10596002C2891 /* DS二叉树_伪层序遍历构建二叉树 */,
				14DF539D2AEBBEDC0054FED3 /* DS树--二叉树高度 */,
				14DF53A82AF085EF0054FED3 /* B : DS二叉树--层次遍历 */,
				142945732AF09C53000DD23A /* DS二叉树--后序遍历非递归算法 */,
				14C490012AF2497D0025CDEF /* DS二叉树—二叉树镜面反转 */,
				14C4900C2AF251750025CDEF /* 二叉树的中后序遍历构建及求叶子 */,
				14C490172AF25ACC0025CDEF /* DS二叉树—二叉树结点的最大距离 */,
				14E7354C2AF924DE00CB3FA4 /* DS二叉树_对称二叉树 */,
				14E735572AFA63B000CB3FA4 /* DS二叉树_输出所有目标路径 */,
				14C6DAD82AFA7B3F008C2E55 /* DS二叉树_另一棵树的子树 */,
				14C6DAE32AFAA3DC008C2E55 /* DS二叉树_合并二叉树 */,
				14C6DAEE2AFB307D008C2E55 /* DS树--带权路径和 */,
				14C6DAF92AFB396F008C2E55 /* DS二叉树--赫夫曼树的构建与编码（含代码框架） */,
			);
			name = Products;
			sourceTree = "<group>";
		};
		14C1DC962AD6769800229A29 /* learn_data_structure */ = {
			isa = PBXGroup;
			children = (
				14C1DC972AD6769800229A29 /* main.cpp */,
			);
			path = learn_data_structure;
			sourceTree = "<group>";
		};
		14C490022AF2497D0025CDEF /* DS二叉树—二叉树镜面反转 */ = {
			isa = PBXGroup;
			children = (
				14C490032AF2497D0025CDEF /* main.cpp */,
			);
			path = "DS二叉树—二叉树镜面反转";
			sourceTree = "<group>";
		};
		14C4900D2AF251750025CDEF /* 二叉树的中后序遍历构建及求叶子 */ = {
			isa = PBXGroup;
			children = (
				14C4900E2AF251750025CDEF /* main.cpp */,
			);
			path = "二叉树的中后序遍历构建及求叶子";
			sourceTree = "<group>";
		};
		14C490182AF25ACC0025CDEF /* DS二叉树—二叉树结点的最大距离 */ = {
			isa = PBXGroup;
			children = (
				14C490192AF25ACC0025CDEF /* main.cpp */,
			);
			path = "DS二叉树—二叉树结点的最大距离";
			sourceTree = "<group>";
		};
		14C6DAD92AFA7B3F008C2E55 /* DS二叉树_另一棵树的子树 */ = {
			isa = PBXGroup;
			children = (
				14C6DADA2AFA7B3F008C2E55 /* main.cpp */,
			);
			path = "DS二叉树_另一棵树的子树";
			sourceTree = "<group>";
		};
		14C6DAE42AFAA3DC008C2E55 /* DS二叉树_合并二叉树 */ = {
			isa = PBXGroup;
			children = (
				14C6DAE52AFAA3DC008C2E55 /* main.cpp */,
			);
			path = "DS二叉树_合并二叉树";
			sourceTree = "<group>";
		};
		14C6DAEF2AFB307D008C2E55 /* DS树--带权路径和 */ = {
			isa = PBXGroup;
			children = (
				14C6DAF02AFB307D008C2E55 /* main.cpp */,
			);
			path = "DS树--带权路径和";
			sourceTree = "<group>";
		};
		14C6DAFA2AFB396F008C2E55 /* DS二叉树--赫夫曼树的构建与编码（含代码框架） */ = {
			isa = PBXGroup;
			children = (
				14C6DAFB2AFB396F008C2E55 /* main.cpp */,
			);
			path = "DS二叉树--赫夫曼树的构建与编码（含代码框架）";
			sourceTree = "<group>";
		};
		14DF539E2AEBBEDD0054FED3 /* DS树--二叉树高度 */ = {
			isa = PBXGroup;
			children = (
				14DF539F2AEBBEDD0054FED3 /* main.cpp */,
			);
			path = "DS树--二叉树高度";
			sourceTree = "<group>";
		};
		14DF53A92AF085EF0054FED3 /* B : DS二叉树--层次遍历 */ = {
			isa = PBXGroup;
			children = (
				14DF53AA2AF085EF0054FED3 /* main.cpp */,
			);
			path = "B : DS二叉树--层次遍历";
			sourceTree = "<group>";
		};
		14E7354D2AF924DE00CB3FA4 /* DS二叉树_对称二叉树 */ = {
			isa = PBXGroup;
			children = (
				14E7354E2AF924DE00CB3FA4 /* main.cpp */,
			);
			path = "DS二叉树_对称二叉树";
			sourceTree = "<group>";
		};
		14E735582AFA63B000CB3FA4 /* DS二叉树_输出所有目标路径 */ = {
			isa = PBXGroup;
			children = (
				14E735592AFA63B000CB3FA4 /* main.cpp */,
			);
			path = "DS二叉树_输出所有目标路径";
			sourceTree = "<group>";
		};
/* End PBXGroup section */

/* Begin PBXNativeTarget section */
		142945722AF09C53000DD23A /* DS二叉树--后序遍历非递归算法 */ = {
			isa = PBXNativeTarget;
			buildConfigurationList = 142945792AF09C53000DD23A /* Build configuration list for PBXNativeTarget "DS二叉树--后序遍历非递归算法" */;
			buildPhases = (
				1429456F2AF09C53000DD23A /* Sources */,
				142945702AF09C53000DD23A /* Frameworks */,
				142945712AF09C53000DD23A /* CopyFiles */,
			);
			buildRules = (
			);
			dependencies = (
			);
			name = "DS二叉树--后序遍历非递归算法";
			productName = "DS二叉树--后序遍历非递归算法";
			productReference = 142945732AF09C53000DD23A /* DS二叉树--后序遍历非递归算法 */;
			productType = "com.apple.product-type.tool";
		};
		143208532AE10596002C2891 /* DS二叉树_伪层序遍历构建二叉树 */ = {
			isa = PBXNativeTarget;
			buildConfigurationList = 1432085A2AE10596002C2891 /* Build configuration list for PBXNativeTarget "DS二叉树_伪层序遍历构建二叉树" */;
			buildPhases = (
				143208502AE10596002C2891 /* Sources */,
				143208512AE10596002C2891 /* Frameworks */,
				143208522AE10596002C2891 /* CopyFiles */,
			);
			buildRules = (
			);
			dependencies = (
			);
			name = "DS二叉树_伪层序遍历构建二叉树";
			productName = "DS二叉树_伪层序遍历构建二叉树";
			productReference = 143208542AE10596002C2891 /* DS二叉树_伪层序遍历构建二叉树 */;
			productType = "com.apple.product-type.tool";
		};
		144907A32AE00A4C002C8A5E /* DS二叉树——二叉树之父子结点 */ = {
			isa = PBXNativeTarget;
			buildConfigurationList = 144907AA2AE00A4C002C8A5E /* Build configuration list for PBXNativeTarget "DS二叉树——二叉树之父子结点" */;
			buildPhases = (
				144907A02AE00A4C002C8A5E /* Sources */,
				144907A12AE00A4C002C8A5E /* Frameworks */,
				144907A22AE00A4C002C8A5E /* CopyFiles */,
			);
			buildRules = (
			);
			dependencies = (
			);
			name = "DS二叉树——二叉树之父子结点";
			productName = "DS二叉树——二叉树之父子结点";
			productReference = 144907A42AE00A4C002C8A5E /* DS二叉树——二叉树之父子结点 */;
			productType = "com.apple.product-type.tool";
		};
		1497A78F2AE0BC56006B5BC2 /* DS二叉树——二叉树之数组存储 */ = {
			isa = PBXNativeTarget;
			buildConfigurationList = 1497A7962AE0BC56006B5BC2 /* Build configuration list for PBXNativeTarget "DS二叉树——二叉树之数组存储" */;
			buildPhases = (
				1497A78C2AE0BC56006B5BC2 /* Sources */,
				1497A78D2AE0BC56006B5BC2 /* Frameworks */,
				1497A78E2AE0BC56006B5BC2 /* CopyFiles */,
			);
			buildRules = (
			);
			dependencies = (
			);
			name = "DS二叉树——二叉树之数组存储";
			productName = "DS二叉树——二叉树之数组存储";
			productReference = 1497A7902AE0BC56006B5BC2 /* DS二叉树——二叉树之数组存储 */;
			productType = "com.apple.product-type.tool";
		};
		14C099CB2ADFFA1E00ACF33B /* DS二叉树—二叉树构建与遍历 */ = {
			isa = PBXNativeTarget;
			buildConfigurationList = 14C099D02ADFFA1F00ACF33B /* Build configuration list for PBXNativeTarget "DS二叉树—二叉树构建与遍历" */;
			buildPhases = (
				14C099C82ADFFA1E00ACF33B /* Sources */,
				14C099C92ADFFA1E00ACF33B /* Frameworks */,
				14C099CA2ADFFA1E00ACF33B /* CopyFiles */,
			);
			buildRules = (
			);
			dependencies = (
			);
			name = "DS二叉树—二叉树构建与遍历";
			productName = "DS二叉树—二叉树构建与遍历";
			productReference = 14C099CC2ADFFA1E00ACF33B /* DS二叉树—二叉树构建与遍历 */;
			productType = "com.apple.product-type.tool";
		};
		14C099D62AE0025E00ACF33B /* DS二叉树--叶子数量 */ = {
			isa = PBXNativeTarget;
			buildConfigurationList = 14C099DB2AE0025E00ACF33B /* Build configuration list for PBXNativeTarget "DS二叉树--叶子数量" */;
			buildPhases = (
				14C099D32AE0025E00ACF33B /* Sources */,
				14C099D42AE0025E00ACF33B /* Frameworks */,
				14C099D52AE0025E00ACF33B /* CopyFiles */,
			);
			buildRules = (
			);
			dependencies = (
			);
			name = "DS二叉树--叶子数量";
			productName = "DS二叉树--叶子数量";
			productReference = 14C099D72AE0025E00ACF33B /* DS二叉树--叶子数量 */;
			productType = "com.apple.product-type.tool";
		};
		14C099E12AE006A800ACF33B /* DS二叉树--左叶子数量 */ = {
			isa = PBXNativeTarget;
			buildConfigurationList = 14C099E62AE006A800ACF33B /* Build configuration list for PBXNativeTarget "DS二叉树--左叶子数量" */;
			buildPhases = (
				14C099DE2AE006A800ACF33B /* Sources */,
				14C099DF2AE006A800ACF33B /* Frameworks */,
				14C099E02AE006A800ACF33B /* CopyFiles */,
			);
			buildRules = (
			);
			dependencies = (
			);
			name = "DS二叉树--左叶子数量";
			productName = "DS二叉树--左叶子数量";
			productReference = 14C099E22AE006A800ACF33B /* DS二叉树--左叶子数量 */;
			productType = "com.apple.product-type.tool";
		};
		14C1DC932AD6769800229A29 /* learn_data_structure */ = {
			isa = PBXNativeTarget;
			buildConfigurationList = 14C1DC9B2AD6769800229A29 /* Build configuration list for PBXNativeTarget "learn_data_structure" */;
			buildPhases = (
				14C1DC902AD6769800229A29 /* Sources */,
				14C1DC912AD6769800229A29 /* Frameworks */,
				14C1DC922AD6769800229A29 /* CopyFiles */,
			);
			buildRules = (
			);
			dependencies = (
			);
			name = learn_data_structure;
			productName = learn_data_structure;
			productReference = 14C1DC942AD6769800229A29 /* learn_data_structure */;
			productType = "com.apple.product-type.tool";
		};
		14C490002AF2497D0025CDEF /* DS二叉树—二叉树镜面反转 */ = {
			isa = PBXNativeTarget;
			buildConfigurationList = 14C490072AF2497D0025CDEF /* Build configuration list for PBXNativeTarget "DS二叉树—二叉树镜面反转" */;
			buildPhases = (
				14C48FFD2AF2497D0025CDEF /* Sources */,
				14C48FFE2AF2497D0025CDEF /* Frameworks */,
				14C48FFF2AF2497D0025CDEF /* CopyFiles */,
			);
			buildRules = (
			);
			dependencies = (
			);
			name = "DS二叉树—二叉树镜面反转";
			productName = "DS二叉树—二叉树镜面反转";
			productReference = 14C490012AF2497D0025CDEF /* DS二叉树—二叉树镜面反转 */;
			productType = "com.apple.product-type.tool";
		};
		14C4900B2AF251750025CDEF /* 二叉树的中后序遍历构建及求叶子 */ = {
			isa = PBXNativeTarget;
			buildConfigurationList = 14C490102AF251750025CDEF /* Build configuration list for PBXNativeTarget "二叉树的中后序遍历构建及求叶子" */;
			buildPhases = (
				14C490082AF251750025CDEF /* Sources */,
				14C490092AF251750025CDEF /* Frameworks */,
				14C4900A2AF251750025CDEF /* CopyFiles */,
			);
			buildRules = (
			);
			dependencies = (
			);
			name = "二叉树的中后序遍历构建及求叶子";
			productName = "二叉树的中后序遍历构建及求叶子";
			productReference = 14C4900C2AF251750025CDEF /* 二叉树的中后序遍历构建及求叶子 */;
			productType = "com.apple.product-type.tool";
		};
		14C490162AF25ACC0025CDEF /* DS二叉树—二叉树结点的最大距离 */ = {
			isa = PBXNativeTarget;
			buildConfigurationList = 14C4901B2AF25ACC0025CDEF /* Build configuration list for PBXNativeTarget "DS二叉树—二叉树结点的最大距离" */;
			buildPhases = (
				14C490132AF25ACC0025CDEF /* Sources */,
				14C490142AF25ACC0025CDEF /* Frameworks */,
				14C490152AF25ACC0025CDEF /* CopyFiles */,
			);
			buildRules = (
			);
			dependencies = (
			);
			name = "DS二叉树—二叉树结点的最大距离";
			productName = "DS二叉树—二叉树结点的最大距离";
			productReference = 14C490172AF25ACC0025CDEF /* DS二叉树—二叉树结点的最大距离 */;
			productType = "com.apple.product-type.tool";
		};
		14C6DAD72AFA7B3F008C2E55 /* DS二叉树_另一棵树的子树 */ = {
			isa = PBXNativeTarget;
			buildConfigurationList = 14C6DADE2AFA7B3F008C2E55 /* Build configuration list for PBXNativeTarget "DS二叉树_另一棵树的子树" */;
			buildPhases = (
				14C6DAD42AFA7B3F008C2E55 /* Sources */,
				14C6DAD52AFA7B3F008C2E55 /* Frameworks */,
				14C6DAD62AFA7B3F008C2E55 /* CopyFiles */,
			);
			buildRules = (
			);
			dependencies = (
			);
			name = "DS二叉树_另一棵树的子树";
			productName = "DS二叉树_另一棵树的子树";
			productReference = 14C6DAD82AFA7B3F008C2E55 /* DS二叉树_另一棵树的子树 */;
			productType = "com.apple.product-type.tool";
		};
		14C6DAE22AFAA3DC008C2E55 /* DS二叉树_合并二叉树 */ = {
			isa = PBXNativeTarget;
			buildConfigurationList = 14C6DAE72AFAA3DC008C2E55 /* Build configuration list for PBXNativeTarget "DS二叉树_合并二叉树" */;
			buildPhases = (
				14C6DADF2AFAA3DC008C2E55 /* Sources */,
				14C6DAE02AFAA3DC008C2E55 /* Frameworks */,
				14C6DAE12AFAA3DC008C2E55 /* CopyFiles */,
			);
			buildRules = (
			);
			dependencies = (
			);
			name = "DS二叉树_合并二叉树";
			productName = "DS二叉树_合并二叉树";
			productReference = 14C6DAE32AFAA3DC008C2E55 /* DS二叉树_合并二叉树 */;
			productType = "com.apple.product-type.tool";
		};
		14C6DAED2AFB307D008C2E55 /* DS树--带权路径和 */ = {
			isa = PBXNativeTarget;
			buildConfigurationList = 14C6DAF22AFB307D008C2E55 /* Build configuration list for PBXNativeTarget "DS树--带权路径和" */;
			buildPhases = (
				14C6DAEA2AFB307D008C2E55 /* Sources */,
				14C6DAEB2AFB307D008C2E55 /* Frameworks */,
				14C6DAEC2AFB307D008C2E55 /* CopyFiles */,
			);
			buildRules = (
			);
			dependencies = (
			);
			name = "DS树--带权路径和";
			productName = "DS树--带权路径和";
			productReference = 14C6DAEE2AFB307D008C2E55 /* DS树--带权路径和 */;
			productType = "com.apple.product-type.tool";
		};
		14C6DAF82AFB396F008C2E55 /* DS二叉树--赫夫曼树的构建与编码（含代码框架） */ = {
			isa = PBXNativeTarget;
			buildConfigurationList = 14C6DAFD2AFB396F008C2E55 /* Build configuration list for PBXNativeTarget "DS二叉树--赫夫曼树的构建与编码（含代码框架）" */;
			buildPhases = (
				14C6DAF52AFB396F008C2E55 /* Sources */,
				14C6DAF62AFB396F008C2E55 /* Frameworks */,
				14C6DAF72AFB396F008C2E55 /* CopyFiles */,
			);
			buildRules = (
			);
			dependencies = (
			);
			name = "DS二叉树--赫夫曼树的构建与编码（含代码框架）";
			productName = "DS二叉树--赫夫曼树的构建与编码（含代码框架）";
			productReference = 14C6DAF92AFB396F008C2E55 /* DS二叉树--赫夫曼树的构建与编码（含代码框架） */;
			productType = "com.apple.product-type.tool";
		};
		14DF539C2AEBBEDC0054FED3 /* DS树--二叉树高度 */ = {
			isa = PBXNativeTarget;
			buildConfigurationList = 14DF53A32AEBBEDD0054FED3 /* Build configuration list for PBXNativeTarget "DS树--二叉树高度" */;
			buildPhases = (
				14DF53992AEBBEDC0054FED3 /* Sources */,
				14DF539A2AEBBEDC0054FED3 /* Frameworks */,
				14DF539B2AEBBEDC0054FED3 /* CopyFiles */,
			);
			buildRules = (
			);
			dependencies = (
			);
			name = "DS树--二叉树高度";
			productName = "DS树--二叉树高度";
			productReference = 14DF539D2AEBBEDC0054FED3 /* DS树--二叉树高度 */;
			productType = "com.apple.product-type.tool";
		};
		14DF53A72AF085EF0054FED3 /* B : DS二叉树--层次遍历 */ = {
			isa = PBXNativeTarget;
			buildConfigurationList = 14DF53AC2AF085EF0054FED3 /* Build configuration list for PBXNativeTarget "B : DS二叉树--层次遍历" */;
			buildPhases = (
				14DF53A42AF085EF0054FED3 /* Sources */,
				14DF53A52AF085EF0054FED3 /* Frameworks */,
				14DF53A62AF085EF0054FED3 /* CopyFiles */,
			);
			buildRules = (
			);
			dependencies = (
			);
			name = "B : DS二叉树--层次遍历";
			productName = "B : DS二叉树--层次遍历";
			productReference = 14DF53A82AF085EF0054FED3 /* B : DS二叉树--层次遍历 */;
			productType = "com.apple.product-type.tool";
		};
		14E7354B2AF924DE00CB3FA4 /* DS二叉树_对称二叉树 */ = {
			isa = PBXNativeTarget;
			buildConfigurationList = 14E735522AF924DE00CB3FA4 /* Build configuration list for PBXNativeTarget "DS二叉树_对称二叉树" */;
			buildPhases = (
				14E735482AF924DE00CB3FA4 /* Sources */,
				14E735492AF924DE00CB3FA4 /* Frameworks */,
				14E7354A2AF924DE00CB3FA4 /* CopyFiles */,
			);
			buildRules = (
			);
			dependencies = (
			);
			name = "DS二叉树_对称二叉树";
			productName = "DS二叉树_对称二叉树";
			productReference = 14E7354C2AF924DE00CB3FA4 /* DS二叉树_对称二叉树 */;
			productType = "com.apple.product-type.tool";
		};
		14E735562AFA63B000CB3FA4 /* DS二叉树_输出所有目标路径 */ = {
			isa = PBXNativeTarget;
			buildConfigurationList = 14E7355B2AFA63B000CB3FA4 /* Build configuration list for PBXNativeTarget "DS二叉树_输出所有目标路径" */;
			buildPhases = (
				14E735532AFA63B000CB3FA4 /* Sources */,
				14E735542AFA63B000CB3FA4 /* Frameworks */,
				14E735552AFA63B000CB3FA4 /* CopyFiles */,
			);
			buildRules = (
			);
			dependencies = (
			);
			name = "DS二叉树_输出所有目标路径";
			productName = "DS二叉树_输出所有目标路径";
			productReference = 14E735572AFA63B000CB3FA4 /* DS二叉树_输出所有目标路径 */;
			productType = "com.apple.product-type.tool";
		};
/* End PBXNativeTarget section */

/* Begin PBXProject section */
		14C1DC8C2AD6769800229A29 /* Project object */ = {
			isa = PBXProject;
			attributes = {
				BuildIndependentTargetsInParallel = 1;
				LastUpgradeCheck = 1500;
				TargetAttributes = {
					142945722AF09C53000DD23A = {
						CreatedOnToolsVersion = 15.0;
					};
					143208532AE10596002C2891 = {
						CreatedOnToolsVersion = 15.0;
					};
					144907A32AE00A4C002C8A5E = {
						CreatedOnToolsVersion = 15.0;
					};
					1497A78F2AE0BC56006B5BC2 = {
						CreatedOnToolsVersion = 15.0;
					};
					14C099CB2ADFFA1E00ACF33B = {
						CreatedOnToolsVersion = 15.0;
					};
					14C099D62AE0025E00ACF33B = {
						CreatedOnToolsVersion = 15.0;
					};
					14C099E12AE006A800ACF33B = {
						CreatedOnToolsVersion = 15.0;
					};
					14C1DC932AD6769800229A29 = {
						CreatedOnToolsVersion = 15.0;
					};
					14C490002AF2497D0025CDEF = {
						CreatedOnToolsVersion = 15.0;
					};
					14C4900B2AF251750025CDEF = {
						CreatedOnToolsVersion = 15.0;
					};
					14C490162AF25ACC0025CDEF = {
						CreatedOnToolsVersion = 15.0;
					};
					14C6DAD72AFA7B3F008C2E55 = {
						CreatedOnToolsVersion = 15.0.1;
					};
					14C6DAE22AFAA3DC008C2E55 = {
						CreatedOnToolsVersion = 15.0.1;
					};
					14C6DAED2AFB307D008C2E55 = {
						CreatedOnToolsVersion = 15.0.1;
					};
					14C6DAF82AFB396F008C2E55 = {
						CreatedOnToolsVersion = 15.0.1;
					};
					14DF539C2AEBBEDC0054FED3 = {
						CreatedOnToolsVersion = 15.0;
					};
					14DF53A72AF085EF0054FED3 = {
						CreatedOnToolsVersion = 15.0;
					};
					14E7354B2AF924DE00CB3FA4 = {
						CreatedOnToolsVersion = 15.0.1;
					};
					14E735562AFA63B000CB3FA4 = {
						CreatedOnToolsVersion = 15.0.1;
					};
				};
			};
			buildConfigurationList = 14C1DC8F2AD6769800229A29 /* Build configuration list for PBXProject "learn_data_structure" */;
			compatibilityVersion = "Xcode 14.0";
			developmentRegion = en;
			hasScannedForEncodings = 0;
			knownRegions = (
				en,
				Base,
			);
			mainGroup = 14C1DC8B2AD6769800229A29;
			productRefGroup = 14C1DC952AD6769800229A29 /* Products */;
			projectDirPath = "";
			projectRoot = "";
			targets = (
				14C1DC932AD6769800229A29 /* learn_data_structure */,
				14C099CB2ADFFA1E00ACF33B /* DS二叉树—二叉树构建与遍历 */,
				14C099D62AE0025E00ACF33B /* DS二叉树--叶子数量 */,
				14C099E12AE006A800ACF33B /* DS二叉树--左叶子数量 */,
				144907A32AE00A4C002C8A5E /* DS二叉树——二叉树之父子结点 */,
				1497A78F2AE0BC56006B5BC2 /* DS二叉树——二叉树之数组存储 */,
				143208532AE10596002C2891 /* DS二叉树_伪层序遍历构建二叉树 */,
				14DF539C2AEBBEDC0054FED3 /* DS树--二叉树高度 */,
				14DF53A72AF085EF0054FED3 /* B : DS二叉树--层次遍历 */,
				142945722AF09C53000DD23A /* DS二叉树--后序遍历非递归算法 */,
				14C490002AF2497D0025CDEF /* DS二叉树—二叉树镜面反转 */,
				14C4900B2AF251750025CDEF /* 二叉树的中后序遍历构建及求叶子 */,
				14C490162AF25ACC0025CDEF /* DS二叉树—二叉树结点的最大距离 */,
				14E7354B2AF924DE00CB3FA4 /* DS二叉树_对称二叉树 */,
				14E735562AFA63B000CB3FA4 /* DS二叉树_输出所有目标路径 */,
				14C6DAD72AFA7B3F008C2E55 /* DS二叉树_另一棵树的子树 */,
				14C6DAE22AFAA3DC008C2E55 /* DS二叉树_合并二叉树 */,
				14C6DAED2AFB307D008C2E55 /* DS树--带权路径和 */,
				14C6DAF82AFB396F008C2E55 /* DS二叉树--赫夫曼树的构建与编码（含代码框架） */,
			);
		};
/* End PBXProject section */

/* Begin PBXSourcesBuildPhase section */
		1429456F2AF09C53000DD23A /* Sources */ = {
			isa = PBXSourcesBuildPhase;
			buildActionMask = 2147483647;
			files = (
				142945762AF09C53000DD23A /* main.cpp in Sources */,
			);
			runOnlyForDeploymentPostprocessing = 0;
		};
		143208502AE10596002C2891 /* Sources */ = {
			isa = PBXSourcesBuildPhase;
			buildActionMask = 2147483647;
			files = (
				143208572AE10596002C2891 /* main.cpp in Sources */,
			);
			runOnlyForDeploymentPostprocessing = 0;
		};
		144907A02AE00A4C002C8A5E /* Sources */ = {
			isa = PBXSourcesBuildPhase;
			buildActionMask = 2147483647;
			files = (
				144907A72AE00A4C002C8A5E /* main.cpp in Sources */,
			);
			runOnlyForDeploymentPostprocessing = 0;
		};
		1497A78C2AE0BC56006B5BC2 /* Sources */ = {
			isa = PBXSourcesBuildPhase;
			buildActionMask = 2147483647;
			files = (
				1497A7932AE0BC56006B5BC2 /* main.cpp in Sources */,
			);
			runOnlyForDeploymentPostprocessing = 0;
		};
		14C099C82ADFFA1E00ACF33B /* Sources */ = {
			isa = PBXSourcesBuildPhase;
			buildActionMask = 2147483647;
			files = (
				14C099CF2ADFFA1E00ACF33B /* main.cpp in Sources */,
			);
			runOnlyForDeploymentPostprocessing = 0;
		};
		14C099D32AE0025E00ACF33B /* Sources */ = {
			isa = PBXSourcesBuildPhase;
			buildActionMask = 2147483647;
			files = (
				14C099DA2AE0025E00ACF33B /* main.cpp in Sources */,
			);
			runOnlyForDeploymentPostprocessing = 0;
		};
		14C099DE2AE006A800ACF33B /* Sources */ = {
			isa = PBXSourcesBuildPhase;
			buildActionMask = 2147483647;
			files = (
				14C099E52AE006A800ACF33B /* main.cpp in Sources */,
			);
			runOnlyForDeploymentPostprocessing = 0;
		};
		14C1DC902AD6769800229A29 /* Sources */ = {
			isa = PBXSourcesBuildPhase;
			buildActionMask = 2147483647;
			files = (
				14C1DC982AD6769800229A29 /* main.cpp in Sources */,
			);
			runOnlyForDeploymentPostprocessing = 0;
		};
		14C48FFD2AF2497D0025CDEF /* Sources */ = {
			isa = PBXSourcesBuildPhase;
			buildActionMask = 2147483647;
			files = (
				14C490042AF2497D0025CDEF /* main.cpp in Sources */,
			);
			runOnlyForDeploymentPostprocessing = 0;
		};
		14C490082AF251750025CDEF /* Sources */ = {
			isa = PBXSourcesBuildPhase;
			buildActionMask = 2147483647;
			files = (
				14C4900F2AF251750025CDEF /* main.cpp in Sources */,
			);
			runOnlyForDeploymentPostprocessing = 0;
		};
		14C490132AF25ACC0025CDEF /* Sources */ = {
			isa = PBXSourcesBuildPhase;
			buildActionMask = 2147483647;
			files = (
				14C4901A2AF25ACC0025CDEF /* main.cpp in Sources */,
			);
			runOnlyForDeploymentPostprocessing = 0;
		};
		14C6DAD42AFA7B3F008C2E55 /* Sources */ = {
			isa = PBXSourcesBuildPhase;
			buildActionMask = 2147483647;
			files = (
				14C6DADB2AFA7B3F008C2E55 /* main.cpp in Sources */,
			);
			runOnlyForDeploymentPostprocessing = 0;
		};
		14C6DADF2AFAA3DC008C2E55 /* Sources */ = {
			isa = PBXSourcesBuildPhase;
			buildActionMask = 2147483647;
			files = (
				14C6DAE62AFAA3DC008C2E55 /* main.cpp in Sources */,
			);
			runOnlyForDeploymentPostprocessing = 0;
		};
		14C6DAEA2AFB307D008C2E55 /* Sources */ = {
			isa = PBXSourcesBuildPhase;
			buildActionMask = 2147483647;
			files = (
				14C6DAF12AFB307D008C2E55 /* main.cpp in Sources */,
			);
			runOnlyForDeploymentPostprocessing = 0;
		};
		14C6DAF52AFB396F008C2E55 /* Sources */ = {
			isa = PBXSourcesBuildPhase;
			buildActionMask = 2147483647;
			files = (
				14C6DAFC2AFB396F008C2E55 /* main.cpp in Sources */,
			);
			runOnlyForDeploymentPostprocessing = 0;
		};
		14DF53992AEBBEDC0054FED3 /* Sources */ = {
			isa = PBXSourcesBuildPhase;
			buildActionMask = 2147483647;
			files = (
				14DF53A02AEBBEDD0054FED3 /* main.cpp in Sources */,
			);
			runOnlyForDeploymentPostprocessing = 0;
		};
		14DF53A42AF085EF0054FED3 /* Sources */ = {
			isa = PBXSourcesBuildPhase;
			buildActionMask = 2147483647;
			files = (
				14DF53AB2AF085EF0054FED3 /* main.cpp in Sources */,
			);
			runOnlyForDeploymentPostprocessing = 0;
		};
		14E735482AF924DE00CB3FA4 /* Sources */ = {
			isa = PBXSourcesBuildPhase;
			buildActionMask = 2147483647;
			files = (
				14E7354F2AF924DE00CB3FA4 /* main.cpp in Sources */,
			);
			runOnlyForDeploymentPostprocessing = 0;
		};
		14E735532AFA63B000CB3FA4 /* Sources */ = {
			isa = PBXSourcesBuildPhase;
			buildActionMask = 2147483647;
			files = (
				14E7355A2AFA63B000CB3FA4 /* main.cpp in Sources */,
			);
			runOnlyForDeploymentPostprocessing = 0;
		};
/* End PBXSourcesBuildPhase section */

/* Begin XCBuildConfiguration section */
		142945772AF09C53000DD23A /* Debug */ = {
			isa = XCBuildConfiguration;
			buildSettings = {
				CODE_SIGN_STYLE = Automatic;
				PRODUCT_NAME = "$(TARGET_NAME)";
			};
			name = Debug;
		};
		142945782AF09C53000DD23A /* Release */ = {
			isa = XCBuildConfiguration;
			buildSettings = {
				CODE_SIGN_STYLE = Automatic;
				PRODUCT_NAME = "$(TARGET_NAME)";
			};
			name = Release;
		};
		143208582AE10596002C2891 /* Debug */ = {
			isa = XCBuildConfiguration;
			buildSettings = {
				CODE_SIGN_STYLE = Automatic;
				PRODUCT_NAME = "$(TARGET_NAME)";
			};
			name = Debug;
		};
		143208592AE10596002C2891 /* Release */ = {
			isa = XCBuildConfiguration;
			buildSettings = {
				CODE_SIGN_STYLE = Automatic;
				PRODUCT_NAME = "$(TARGET_NAME)";
			};
			name = Release;
		};
		144907A82AE00A4C002C8A5E /* Debug */ = {
			isa = XCBuildConfiguration;
			buildSettings = {
				CODE_SIGN_STYLE = Automatic;
				PRODUCT_NAME = "$(TARGET_NAME)";
			};
			name = Debug;
		};
		144907A92AE00A4C002C8A5E /* Release */ = {
			isa = XCBuildConfiguration;
			buildSettings = {
				CODE_SIGN_STYLE = Automatic;
				PRODUCT_NAME = "$(TARGET_NAME)";
			};
			name = Release;
		};
		1497A7942AE0BC56006B5BC2 /* Debug */ = {
			isa = XCBuildConfiguration;
			buildSettings = {
				CODE_SIGN_STYLE = Automatic;
				PRODUCT_NAME = "$(TARGET_NAME)";
			};
			name = Debug;
		};
		1497A7952AE0BC56006B5BC2 /* Release */ = {
			isa = XCBuildConfiguration;
			buildSettings = {
				CODE_SIGN_STYLE = Automatic;
				PRODUCT_NAME = "$(TARGET_NAME)";
			};
			name = Release;
		};
		14C099D12ADFFA1F00ACF33B /* Debug */ = {
			isa = XCBuildConfiguration;
			buildSettings = {
				CODE_SIGN_STYLE = Automatic;
				PRODUCT_NAME = "$(TARGET_NAME)";
			};
			name = Debug;
		};
		14C099D22ADFFA1F00ACF33B /* Release */ = {
			isa = XCBuildConfiguration;
			buildSettings = {
				CODE_SIGN_STYLE = Automatic;
				PRODUCT_NAME = "$(TARGET_NAME)";
			};
			name = Release;
		};
		14C099DC2AE0025E00ACF33B /* Debug */ = {
			isa = XCBuildConfiguration;
			buildSettings = {
				CODE_SIGN_STYLE = Automatic;
				PRODUCT_NAME = "$(TARGET_NAME)";
			};
			name = Debug;
		};
		14C099DD2AE0025E00ACF33B /* Release */ = {
			isa = XCBuildConfiguration;
			buildSettings = {
				CODE_SIGN_STYLE = Automatic;
				PRODUCT_NAME = "$(TARGET_NAME)";
			};
			name = Release;
		};
		14C099E72AE006A800ACF33B /* Debug */ = {
			isa = XCBuildConfiguration;
			buildSettings = {
				CODE_SIGN_STYLE = Automatic;
				PRODUCT_NAME = "$(TARGET_NAME)";
			};
			name = Debug;
		};
		14C099E82AE006A800ACF33B /* Release */ = {
			isa = XCBuildConfiguration;
			buildSettings = {
				CODE_SIGN_STYLE = Automatic;
				PRODUCT_NAME = "$(TARGET_NAME)";
			};
			name = Release;
		};
		14C1DC992AD6769800229A29 /* Debug */ = {
			isa = XCBuildConfiguration;
			buildSettings = {
				ALWAYS_SEARCH_USER_PATHS = NO;
				ASSETCATALOG_COMPILER_GENERATE_SWIFT_ASSET_SYMBOL_EXTENSIONS = YES;
				CLANG_ANALYZER_NONNULL = YES;
				CLANG_ANALYZER_NUMBER_OBJECT_CONVERSION = YES_AGGRESSIVE;
				CLANG_CXX_LANGUAGE_STANDARD = "gnu++20";
				CLANG_ENABLE_MODULES = YES;
				CLANG_ENABLE_OBJC_ARC = YES;
				CLANG_ENABLE_OBJC_WEAK = YES;
				CLANG_WARN_BLOCK_CAPTURE_AUTORELEASING = YES;
				CLANG_WARN_BOOL_CONVERSION = YES;
				CLANG_WARN_COMMA = YES;
				CLANG_WARN_CONSTANT_CONVERSION = YES;
				CLANG_WARN_DEPRECATED_OBJC_IMPLEMENTATIONS = YES;
				CLANG_WARN_DIRECT_OBJC_ISA_USAGE = YES_ERROR;
				CLANG_WARN_DOCUMENTATION_COMMENTS = YES;
				CLANG_WARN_EMPTY_BODY = YES;
				CLANG_WARN_ENUM_CONVERSION = YES;
				CLANG_WARN_INFINITE_RECURSION = YES;
				CLANG_WARN_INT_CONVERSION = YES;
				CLANG_WARN_NON_LITERAL_NULL_CONVERSION = YES;
				CLANG_WARN_OBJC_IMPLICIT_RETAIN_SELF = YES;
				CLANG_WARN_OBJC_LITERAL_CONVERSION = YES;
				CLANG_WARN_OBJC_ROOT_CLASS = YES_ERROR;
				CLANG_WARN_QUOTED_INCLUDE_IN_FRAMEWORK_HEADER = YES;
				CLANG_WARN_RANGE_LOOP_ANALYSIS = YES;
				CLANG_WARN_STRICT_PROTOTYPES = YES;
				CLANG_WARN_SUSPICIOUS_MOVE = YES;
				CLANG_WARN_UNGUARDED_AVAILABILITY = YES_AGGRESSIVE;
				CLANG_WARN_UNREACHABLE_CODE = YES;
				CLANG_WARN__DUPLICATE_METHOD_MATCH = YES;
				COPY_PHASE_STRIP = NO;
				DEBUG_INFORMATION_FORMAT = dwarf;
				ENABLE_STRICT_OBJC_MSGSEND = YES;
				ENABLE_TESTABILITY = YES;
				ENABLE_USER_SCRIPT_SANDBOXING = YES;
				GCC_C_LANGUAGE_STANDARD = gnu17;
				GCC_DYNAMIC_NO_PIC = NO;
				GCC_NO_COMMON_BLOCKS = YES;
				GCC_OPTIMIZATION_LEVEL = 0;
				GCC_PREPROCESSOR_DEFINITIONS = (
					"DEBUG=1",
					"$(inherited)",
				);
				GCC_WARN_64_TO_32_BIT_CONVERSION = YES;
				GCC_WARN_ABOUT_RETURN_TYPE = YES_ERROR;
				GCC_WARN_UNDECLARED_SELECTOR = YES;
				GCC_WARN_UNINITIALIZED_AUTOS = YES_AGGRESSIVE;
				GCC_WARN_UNUSED_FUNCTION = YES;
				GCC_WARN_UNUSED_VARIABLE = YES;
				LOCALIZATION_PREFERS_STRING_CATALOGS = YES;
				MACOSX_DEPLOYMENT_TARGET = 14.0;
				MTL_ENABLE_DEBUG_INFO = INCLUDE_SOURCE;
				MTL_FAST_MATH = YES;
				ONLY_ACTIVE_ARCH = YES;
				SDKROOT = macosx;
			};
			name = Debug;
		};
		14C1DC9A2AD6769800229A29 /* Release */ = {
			isa = XCBuildConfiguration;
			buildSettings = {
				ALWAYS_SEARCH_USER_PATHS = NO;
				ASSETCATALOG_COMPILER_GENERATE_SWIFT_ASSET_SYMBOL_EXTENSIONS = YES;
				CLANG_ANALYZER_NONNULL = YES;
				CLANG_ANALYZER_NUMBER_OBJECT_CONVERSION = YES_AGGRESSIVE;
				CLANG_CXX_LANGUAGE_STANDARD = "gnu++20";
				CLANG_ENABLE_MODULES = YES;
				CLANG_ENABLE_OBJC_ARC = YES;
				CLANG_ENABLE_OBJC_WEAK = YES;
				CLANG_WARN_BLOCK_CAPTURE_AUTORELEASING = YES;
				CLANG_WARN_BOOL_CONVERSION = YES;
				CLANG_WARN_COMMA = YES;
				CLANG_WARN_CONSTANT_CONVERSION = YES;
				CLANG_WARN_DEPRECATED_OBJC_IMPLEMENTATIONS = YES;
				CLANG_WARN_DIRECT_OBJC_ISA_USAGE = YES_ERROR;
				CLANG_WARN_DOCUMENTATION_COMMENTS = YES;
				CLANG_WARN_EMPTY_BODY = YES;
				CLANG_WARN_ENUM_CONVERSION = YES;
				CLANG_WARN_INFINITE_RECURSION = YES;
				CLANG_WARN_INT_CONVERSION = YES;
				CLANG_WARN_NON_LITERAL_NULL_CONVERSION = YES;
				CLANG_WARN_OBJC_IMPLICIT_RETAIN_SELF = YES;
				CLANG_WARN_OBJC_LITERAL_CONVERSION = YES;
				CLANG_WARN_OBJC_ROOT_CLASS = YES_ERROR;
				CLANG_WARN_QUOTED_INCLUDE_IN_FRAMEWORK_HEADER = YES;
				CLANG_WARN_RANGE_LOOP_ANALYSIS = YES;
				CLANG_WARN_STRICT_PROTOTYPES = YES;
				CLANG_WARN_SUSPICIOUS_MOVE = YES;
				CLANG_WARN_UNGUARDED_AVAILABILITY = YES_AGGRESSIVE;
				CLANG_WARN_UNREACHABLE_CODE = YES;
				CLANG_WARN__DUPLICATE_METHOD_MATCH = YES;
				COPY_PHASE_STRIP = NO;
				DEBUG_INFORMATION_FORMAT = "dwarf-with-dsym";
				ENABLE_NS_ASSERTIONS = NO;
				ENABLE_STRICT_OBJC_MSGSEND = YES;
				ENABLE_USER_SCRIPT_SANDBOXING = YES;
				GCC_C_LANGUAGE_STANDARD = gnu17;
				GCC_NO_COMMON_BLOCKS = YES;
				GCC_WARN_64_TO_32_BIT_CONVERSION = YES;
				GCC_WARN_ABOUT_RETURN_TYPE = YES_ERROR;
				GCC_WARN_UNDECLARED_SELECTOR = YES;
				GCC_WARN_UNINITIALIZED_AUTOS = YES_AGGRESSIVE;
				GCC_WARN_UNUSED_FUNCTION = YES;
				GCC_WARN_UNUSED_VARIABLE = YES;
				LOCALIZATION_PREFERS_STRING_CATALOGS = YES;
				MACOSX_DEPLOYMENT_TARGET = 14.0;
				MTL_ENABLE_DEBUG_INFO = NO;
				MTL_FAST_MATH = YES;
				SDKROOT = macosx;
			};
			name = Release;
		};
		14C1DC9C2AD6769800229A29 /* Debug */ = {
			isa = XCBuildConfiguration;
			buildSettings = {
				CODE_SIGN_STYLE = Automatic;
				PRODUCT_NAME = "$(TARGET_NAME)";
			};
			name = Debug;
		};
		14C1DC9D2AD6769800229A29 /* Release */ = {
			isa = XCBuildConfiguration;
			buildSettings = {
				CODE_SIGN_STYLE = Automatic;
				PRODUCT_NAME = "$(TARGET_NAME)";
			};
			name = Release;
		};
		14C490052AF2497D0025CDEF /* Debug */ = {
			isa = XCBuildConfiguration;
			buildSettings = {
				CODE_SIGN_STYLE = Automatic;
				PRODUCT_NAME = "$(TARGET_NAME)";
			};
			name = Debug;
		};
		14C490062AF2497D0025CDEF /* Release */ = {
			isa = XCBuildConfiguration;
			buildSettings = {
				CODE_SIGN_STYLE = Automatic;
				PRODUCT_NAME = "$(TARGET_NAME)";
			};
			name = Release;
		};
		14C490112AF251750025CDEF /* Debug */ = {
			isa = XCBuildConfiguration;
			buildSettings = {
				CODE_SIGN_STYLE = Automatic;
				PRODUCT_NAME = "$(TARGET_NAME)";
			};
			name = Debug;
		};
		14C490122AF251750025CDEF /* Release */ = {
			isa = XCBuildConfiguration;
			buildSettings = {
				CODE_SIGN_STYLE = Automatic;
				PRODUCT_NAME = "$(TARGET_NAME)";
			};
			name = Release;
		};
		14C4901C2AF25ACC0025CDEF /* Debug */ = {
			isa = XCBuildConfiguration;
			buildSettings = {
				CODE_SIGN_STYLE = Automatic;
				PRODUCT_NAME = "$(TARGET_NAME)";
			};
			name = Debug;
		};
		14C4901D2AF25ACC0025CDEF /* Release */ = {
			isa = XCBuildConfiguration;
			buildSettings = {
				CODE_SIGN_STYLE = Automatic;
				PRODUCT_NAME = "$(TARGET_NAME)";
			};
			name = Release;
		};
		14C6DADC2AFA7B3F008C2E55 /* Debug */ = {
			isa = XCBuildConfiguration;
			buildSettings = {
				CODE_SIGN_STYLE = Automatic;
				PRODUCT_NAME = "$(TARGET_NAME)";
			};
			name = Debug;
		};
		14C6DADD2AFA7B3F008C2E55 /* Release */ = {
			isa = XCBuildConfiguration;
			buildSettings = {
				CODE_SIGN_STYLE = Automatic;
				PRODUCT_NAME = "$(TARGET_NAME)";
			};
			name = Release;
		};
		14C6DAE82AFAA3DC008C2E55 /* Debug */ = {
			isa = XCBuildConfiguration;
			buildSettings = {
				CODE_SIGN_STYLE = Automatic;
				PRODUCT_NAME = "$(TARGET_NAME)";
			};
			name = Debug;
		};
		14C6DAE92AFAA3DC008C2E55 /* Release */ = {
			isa = XCBuildConfiguration;
			buildSettings = {
				CODE_SIGN_STYLE = Automatic;
				PRODUCT_NAME = "$(TARGET_NAME)";
			};
			name = Release;
		};
		14C6DAF32AFB307D008C2E55 /* Debug */ = {
			isa = XCBuildConfiguration;
			buildSettings = {
				CODE_SIGN_STYLE = Automatic;
				PRODUCT_NAME = "$(TARGET_NAME)";
			};
			name = Debug;
		};
		14C6DAF42AFB307D008C2E55 /* Release */ = {
			isa = XCBuildConfiguration;
			buildSettings = {
				CODE_SIGN_STYLE = Automatic;
				PRODUCT_NAME = "$(TARGET_NAME)";
			};
			name = Release;
		};
		14C6DAFE2AFB396F008C2E55 /* Debug */ = {
			isa = XCBuildConfiguration;
			buildSettings = {
				CODE_SIGN_STYLE = Automatic;
				PRODUCT_NAME = "$(TARGET_NAME)";
			};
			name = Debug;
		};
		14C6DAFF2AFB396F008C2E55 /* Release */ = {
			isa = XCBuildConfiguration;
			buildSettings = {
				CODE_SIGN_STYLE = Automatic;
				PRODUCT_NAME = "$(TARGET_NAME)";
			};
			name = Release;
		};
		14DF53A12AEBBEDD0054FED3 /* Debug */ = {
			isa = XCBuildConfiguration;
			buildSettings = {
				CODE_SIGN_STYLE = Automatic;
				PRODUCT_NAME = "$(TARGET_NAME)";
			};
			name = Debug;
		};
		14DF53A22AEBBEDD0054FED3 /* Release */ = {
			isa = XCBuildConfiguration;
			buildSettings = {
				CODE_SIGN_STYLE = Automatic;
				PRODUCT_NAME = "$(TARGET_NAME)";
			};
			name = Release;
		};
		14DF53AD2AF085EF0054FED3 /* Debug */ = {
			isa = XCBuildConfiguration;
			buildSettings = {
				CODE_SIGN_STYLE = Automatic;
				PRODUCT_NAME = "$(TARGET_NAME)";
			};
			name = Debug;
		};
		14DF53AE2AF085EF0054FED3 /* Release */ = {
			isa = XCBuildConfiguration;
			buildSettings = {
				CODE_SIGN_STYLE = Automatic;
				PRODUCT_NAME = "$(TARGET_NAME)";
			};
			name = Release;
		};
		14E735502AF924DE00CB3FA4 /* Debug */ = {
			isa = XCBuildConfiguration;
			buildSettings = {
				CODE_SIGN_STYLE = Automatic;
				PRODUCT_NAME = "$(TARGET_NAME)";
			};
			name = Debug;
		};
		14E735512AF924DE00CB3FA4 /* Release */ = {
			isa = XCBuildConfiguration;
			buildSettings = {
				CODE_SIGN_STYLE = Automatic;
				PRODUCT_NAME = "$(TARGET_NAME)";
			};
			name = Release;
		};
		14E7355C2AFA63B000CB3FA4 /* Debug */ = {
			isa = XCBuildConfiguration;
			buildSettings = {
				CODE_SIGN_STYLE = Automatic;
				PRODUCT_NAME = "$(TARGET_NAME)";
			};
			name = Debug;
		};
		14E7355D2AFA63B000CB3FA4 /* Release */ = {
			isa = XCBuildConfiguration;
			buildSettings = {
				CODE_SIGN_STYLE = Automatic;
				PRODUCT_NAME = "$(TARGET_NAME)";
			};
			name = Release;
		};
/* End XCBuildConfiguration section */

/* Begin XCConfigurationList section */
		142945792AF09C53000DD23A /* Build configuration list for PBXNativeTarget "DS二叉树--后序遍历非递归算法" */ = {
			isa = XCConfigurationList;
			buildConfigurations = (
				142945772AF09C53000DD23A /* Debug */,
				142945782AF09C53000DD23A /* Release */,
			);
			defaultConfigurationIsVisible = 0;
			defaultConfigurationName = Release;
		};
		1432085A2AE10596002C2891 /* Build configuration list for PBXNativeTarget "DS二叉树_伪层序遍历构建二叉树" */ = {
			isa = XCConfigurationList;
			buildConfigurations = (
				143208582AE10596002C2891 /* Debug */,
				143208592AE10596002C2891 /* Release */,
			);
			defaultConfigurationIsVisible = 0;
			defaultConfigurationName = Release;
		};
		144907AA2AE00A4C002C8A5E /* Build configuration list for PBXNativeTarget "DS二叉树——二叉树之父子结点" */ = {
			isa = XCConfigurationList;
			buildConfigurations = (
				144907A82AE00A4C002C8A5E /* Debug */,
				144907A92AE00A4C002C8A5E /* Release */,
			);
			defaultConfigurationIsVisible = 0;
			defaultConfigurationName = Release;
		};
		1497A7962AE0BC56006B5BC2 /* Build configuration list for PBXNativeTarget "DS二叉树——二叉树之数组存储" */ = {
			isa = XCConfigurationList;
			buildConfigurations = (
				1497A7942AE0BC56006B5BC2 /* Debug */,
				1497A7952AE0BC56006B5BC2 /* Release */,
			);
			defaultConfigurationIsVisible = 0;
			defaultConfigurationName = Release;
		};
		14C099D02ADFFA1F00ACF33B /* Build configuration list for PBXNativeTarget "DS二叉树—二叉树构建与遍历" */ = {
			isa = XCConfigurationList;
			buildConfigurations = (
				14C099D12ADFFA1F00ACF33B /* Debug */,
				14C099D22ADFFA1F00ACF33B /* Release */,
			);
			defaultConfigurationIsVisible = 0;
			defaultConfigurationName = Release;
		};
		14C099DB2AE0025E00ACF33B /* Build configuration list for PBXNativeTarget "DS二叉树--叶子数量" */ = {
			isa = XCConfigurationList;
			buildConfigurations = (
				14C099DC2AE0025E00ACF33B /* Debug */,
				14C099DD2AE0025E00ACF33B /* Release */,
			);
			defaultConfigurationIsVisible = 0;
			defaultConfigurationName = Release;
		};
		14C099E62AE006A800ACF33B /* Build configuration list for PBXNativeTarget "DS二叉树--左叶子数量" */ = {
			isa = XCConfigurationList;
			buildConfigurations = (
				14C099E72AE006A800ACF33B /* Debug */,
				14C099E82AE006A800ACF33B /* Release */,
			);
			defaultConfigurationIsVisible = 0;
			defaultConfigurationName = Release;
		};
		14C1DC8F2AD6769800229A29 /* Build configuration list for PBXProject "learn_data_structure" */ = {
			isa = XCConfigurationList;
			buildConfigurations = (
				14C1DC992AD6769800229A29 /* Debug */,
				14C1DC9A2AD6769800229A29 /* Release */,
			);
			defaultConfigurationIsVisible = 0;
			defaultConfigurationName = Release;
		};
		14C1DC9B2AD6769800229A29 /* Build configuration list for PBXNativeTarget "learn_data_structure" */ = {
			isa = XCConfigurationList;
			buildConfigurations = (
				14C1DC9C2AD6769800229A29 /* Debug */,
				14C1DC9D2AD6769800229A29 /* Release */,
			);
			defaultConfigurationIsVisible = 0;
			defaultConfigurationName = Release;
		};
		14C490072AF2497D0025CDEF /* Build configuration list for PBXNativeTarget "DS二叉树—二叉树镜面反转" */ = {
			isa = XCConfigurationList;
			buildConfigurations = (
				14C490052AF2497D0025CDEF /* Debug */,
				14C490062AF2497D0025CDEF /* Release */,
			);
			defaultConfigurationIsVisible = 0;
			defaultConfigurationName = Release;
		};
		14C490102AF251750025CDEF /* Build configuration list for PBXNativeTarget "二叉树的中后序遍历构建及求叶子" */ = {
			isa = XCConfigurationList;
			buildConfigurations = (
				14C490112AF251750025CDEF /* Debug */,
				14C490122AF251750025CDEF /* Release */,
			);
			defaultConfigurationIsVisible = 0;
			defaultConfigurationName = Release;
		};
		14C4901B2AF25ACC0025CDEF /* Build configuration list for PBXNativeTarget "DS二叉树—二叉树结点的最大距离" */ = {
			isa = XCConfigurationList;
			buildConfigurations = (
				14C4901C2AF25ACC0025CDEF /* Debug */,
				14C4901D2AF25ACC0025CDEF /* Release */,
			);
			defaultConfigurationIsVisible = 0;
			defaultConfigurationName = Release;
		};
		14C6DADE2AFA7B3F008C2E55 /* Build configuration list for PBXNativeTarget "DS二叉树_另一棵树的子树" */ = {
			isa = XCConfigurationList;
			buildConfigurations = (
				14C6DADC2AFA7B3F008C2E55 /* Debug */,
				14C6DADD2AFA7B3F008C2E55 /* Release */,
			);
			defaultConfigurationIsVisible = 0;
			defaultConfigurationName = Release;
		};
		14C6DAE72AFAA3DC008C2E55 /* Build configuration list for PBXNativeTarget "DS二叉树_合并二叉树" */ = {
			isa = XCConfigurationList;
			buildConfigurations = (
				14C6DAE82AFAA3DC008C2E55 /* Debug */,
				14C6DAE92AFAA3DC008C2E55 /* Release */,
			);
			defaultConfigurationIsVisible = 0;
			defaultConfigurationName = Release;
		};
		14C6DAF22AFB307D008C2E55 /* Build configuration list for PBXNativeTarget "DS树--带权路径和" */ = {
			isa = XCConfigurationList;
			buildConfigurations = (
				14C6DAF32AFB307D008C2E55 /* Debug */,
				14C6DAF42AFB307D008C2E55 /* Release */,
			);
			defaultConfigurationIsVisible = 0;
			defaultConfigurationName = Release;
		};
		14C6DAFD2AFB396F008C2E55 /* Build configuration list for PBXNativeTarget "DS二叉树--赫夫曼树的构建与编码（含代码框架）" */ = {
			isa = XCConfigurationList;
			buildConfigurations = (
				14C6DAFE2AFB396F008C2E55 /* Debug */,
				14C6DAFF2AFB396F008C2E55 /* Release */,
			);
			defaultConfigurationIsVisible = 0;
			defaultConfigurationName = Release;
		};
		14DF53A32AEBBEDD0054FED3 /* Build configuration list for PBXNativeTarget "DS树--二叉树高度" */ = {
			isa = XCConfigurationList;
			buildConfigurations = (
				14DF53A12AEBBEDD0054FED3 /* Debug */,
				14DF53A22AEBBEDD0054FED3 /* Release */,
			);
			defaultConfigurationIsVisible = 0;
			defaultConfigurationName = Release;
		};
		14DF53AC2AF085EF0054FED3 /* Build configuration list for PBXNativeTarget "B : DS二叉树--层次遍历" */ = {
			isa = XCConfigurationList;
			buildConfigurations = (
				14DF53AD2AF085EF0054FED3 /* Debug */,
				14DF53AE2AF085EF0054FED3 /* Release */,
			);
			defaultConfigurationIsVisible = 0;
			defaultConfigurationName = Release;
		};
		14E735522AF924DE00CB3FA4 /* Build configuration list for PBXNativeTarget "DS二叉树_对称二叉树" */ = {
			isa = XCConfigurationList;
			buildConfigurations = (
				14E735502AF924DE00CB3FA4 /* Debug */,
				14E735512AF924DE00CB3FA4 /* Release */,
			);
			defaultConfigurationIsVisible = 0;
			defaultConfigurationName = Release;
		};
		14E7355B2AFA63B000CB3FA4 /* Build configuration list for PBXNativeTarget "DS二叉树_输出所有目标路径" */ = {
			isa = XCConfigurationList;
			buildConfigurations = (
				14E7355C2AFA63B000CB3FA4 /* Debug */,
				14E7355D2AFA63B000CB3FA4 /* Release */,
			);
			defaultConfigurationIsVisible = 0;
			defaultConfigurationName = Release;
		};
/* End XCConfigurationList section */
	};
	rootObject = 14C1DC8C2AD6769800229A29 /* Project object */;
}
